// !$*UTF8*$!
{
	archiveVersion = 1;
	classes = {
	};
	objectVersion = 55;
	objects = {

/* Begin PBXBuildFile section */
		071516C92805FC740025F373 /* OnboardingThree.swift in Sources */ = {isa = PBXBuildFile; fileRef = 071516C82805FC740025F373 /* OnboardingThree.swift */; };
		8B0005442807EF0600ED855C /* OnboardingTwo.swift in Sources */ = {isa = PBXBuildFile; fileRef = 8B0005432807EF0600ED855C /* OnboardingTwo.swift */; };
		8B1D86C1280CA2270051F712 /* LoadingView.swift in Sources */ = {isa = PBXBuildFile; fileRef = 8B1D86C0280CA2270051F712 /* LoadingView.swift */; };
		8B1F74D82845B6E700DE34DE /* SearchViewModel.swift in Sources */ = {isa = PBXBuildFile; fileRef = 8B1F74D72845B6E700DE34DE /* SearchViewModel.swift */; };
		8B1F74DA2845BC2500DE34DE /* OptionalBinding.swift in Sources */ = {isa = PBXBuildFile; fileRef = 8B1F74D92845BC2500DE34DE /* OptionalBinding.swift */; };
		8B1F74DC2845BC6300DE34DE /* EditTextViewModel.swift in Sources */ = {isa = PBXBuildFile; fileRef = 8B1F74DB2845BC6300DE34DE /* EditTextViewModel.swift */; };
		8B32FE7C27FE306B00B93C0D /* AudioToolbox.framework in Frameworks */ = {isa = PBXBuildFile; fileRef = 8B32FE7B27FE306B00B93C0D /* AudioToolbox.framework */; };
		8B3C404C2845DF41008CBDFA /* Array.swift in Sources */ = {isa = PBXBuildFile; fileRef = 8B3C404B2845DF41008CBDFA /* Array.swift */; };
		8B4483242844A0FF008611C6 /* CustomTextEditor.swift in Sources */ = {isa = PBXBuildFile; fileRef = 8B4483232844A0FF008611C6 /* CustomTextEditor.swift */; };
		8B4483262844A59B008611C6 /* BookCoverView.swift in Sources */ = {isa = PBXBuildFile; fileRef = 8B4483252844A59B008611C6 /* BookCoverView.swift */; };
		8B4483282844AB7E008611C6 /* InsightsView.swift in Sources */ = {isa = PBXBuildFile; fileRef = 8B4483272844AB7E008611C6 /* InsightsView.swift */; };
		8B44832A2844AE9A008611C6 /* InsightBlock.swift in Sources */ = {isa = PBXBuildFile; fileRef = 8B4483292844AE9A008611C6 /* InsightBlock.swift */; };
		8B4F2D292821B3080011D33D /* ProgressCircleView.swift in Sources */ = {isa = PBXBuildFile; fileRef = 8B4F2D282821B3080011D33D /* ProgressCircleView.swift */; };
		8B541057280E1C5100FD1A90 /* Book.swift in Sources */ = {isa = PBXBuildFile; fileRef = 8B541056280E1C5100FD1A90 /* Book.swift */; };
		8B541059280E1ED300FD1A90 /* User.swift in Sources */ = {isa = PBXBuildFile; fileRef = 8B541058280E1ED300FD1A90 /* User.swift */; };
		8B54105C280E1FD400FD1A90 /* BooksAPI.swift in Sources */ = {isa = PBXBuildFile; fileRef = 8B54105B280E1FD400FD1A90 /* BooksAPI.swift */; };
		8B541063280E297700FD1A90 /* SDWebImageSwiftUI in Frameworks */ = {isa = PBXBuildFile; productRef = 8B541062280E297700FD1A90 /* SDWebImageSwiftUI */; };
		8B551FA728273B7200886FAB /* SettingsView.swift in Sources */ = {isa = PBXBuildFile; fileRef = 8B551FA628273B7200886FAB /* SettingsView.swift */; };
		8B551FA92827464500886FAB /* NotesDetailView.swift in Sources */ = {isa = PBXBuildFile; fileRef = 8B551FA82827464500886FAB /* NotesDetailView.swift */; };
		8B551FAB282746A200886FAB /* Note.swift in Sources */ = {isa = PBXBuildFile; fileRef = 8B551FAA282746A200886FAB /* Note.swift */; };
		8B551FAD28274BB000886FAB /* EditTextView.swift in Sources */ = {isa = PBXBuildFile; fileRef = 8B551FAC28274BB000886FAB /* EditTextView.swift */; };
		8B551FAF282754CD00886FAB /* NotificationsView.swift in Sources */ = {isa = PBXBuildFile; fileRef = 8B551FAE282754CD00886FAB /* NotificationsView.swift */; };
		8B56EA95284542A900FC4F76 /* SwiftyJSON in Frameworks */ = {isa = PBXBuildFile; productRef = 8B56EA94284542A900FC4F76 /* SwiftyJSON */; };
		8B56EA982845430200FC4F76 /* String.swift in Sources */ = {isa = PBXBuildFile; fileRef = 8B56EA972845430200FC4F76 /* String.swift */; };
		8B56EA9A2845432600FC4F76 /* Convertable.swift in Sources */ = {isa = PBXBuildFile; fileRef = 8B56EA992845432600FC4F76 /* Convertable.swift */; };
		8B56EA9C2845437500FC4F76 /* Storage.swift in Sources */ = {isa = PBXBuildFile; fileRef = 8B56EA9B2845437500FC4F76 /* Storage.swift */; };
		8B56EA9E2845508A00FC4F76 /* RootViewModel.swift in Sources */ = {isa = PBXBuildFile; fileRef = 8B56EA9D2845508A00FC4F76 /* RootViewModel.swift */; };
		8B56EAA22845511500FC4F76 /* SortOptions.swift in Sources */ = {isa = PBXBuildFile; fileRef = 8B56EAA12845511500FC4F76 /* SortOptions.swift */; };
		8B56EAA42845513300FC4F76 /* TextContentType.swift in Sources */ = {isa = PBXBuildFile; fileRef = 8B56EAA32845513300FC4F76 /* TextContentType.swift */; };
		8B56EAA62845513F00FC4F76 /* ContentActionType.swift in Sources */ = {isa = PBXBuildFile; fileRef = 8B56EAA52845513F00FC4F76 /* ContentActionType.swift */; };
		8B56EAA82845546500FC4F76 /* TextPreviewView.swift in Sources */ = {isa = PBXBuildFile; fileRef = 8B56EAA72845546500FC4F76 /* TextPreviewView.swift */; };
		8B56EAAC28455C3600FC4F76 /* LibraryType.swift in Sources */ = {isa = PBXBuildFile; fileRef = 8B56EAAB28455C3600FC4F76 /* LibraryType.swift */; };
		8B5A6FA127FDD799003F56C7 /* AthenaApp.swift in Sources */ = {isa = PBXBuildFile; fileRef = 8B5A6FA027FDD799003F56C7 /* AthenaApp.swift */; };
		8B5A6FA327FDD799003F56C7 /* OnboardingOne.swift in Sources */ = {isa = PBXBuildFile; fileRef = 8B5A6FA227FDD799003F56C7 /* OnboardingOne.swift */; };
		8B5A6FA527FDD79D003F56C7 /* Assets.xcassets in Resources */ = {isa = PBXBuildFile; fileRef = 8B5A6FA427FDD79D003F56C7 /* Assets.xcassets */; };
		8B5A6FA827FDD79D003F56C7 /* Preview Assets.xcassets in Resources */ = {isa = PBXBuildFile; fileRef = 8B5A6FA727FDD79D003F56C7 /* Preview Assets.xcassets */; };
		8B71C9262839CFD8005ACDD8 /* FoundersGrotesk-Bold.otf in Resources */ = {isa = PBXBuildFile; fileRef = 8B71C9212839CFD8005ACDD8 /* FoundersGrotesk-Bold.otf */; };
		8B71C9272839CFD8005ACDD8 /* FoundersGrotesk-Light.otf in Resources */ = {isa = PBXBuildFile; fileRef = 8B71C9222839CFD8005ACDD8 /* FoundersGrotesk-Light.otf */; };
		8B71C9282839CFD8005ACDD8 /* FoundersGrotesk-Regular.otf in Resources */ = {isa = PBXBuildFile; fileRef = 8B71C9232839CFD8005ACDD8 /* FoundersGrotesk-Regular.otf */; };
		8B71C9292839CFD8005ACDD8 /* FoundersGrotesk-Semibold.otf in Resources */ = {isa = PBXBuildFile; fileRef = 8B71C9242839CFD8005ACDD8 /* FoundersGrotesk-Semibold.otf */; };
		8B71C92A2839CFD8005ACDD8 /* FoundersGrotesk-Medium.otf in Resources */ = {isa = PBXBuildFile; fileRef = 8B71C9252839CFD8005ACDD8 /* FoundersGrotesk-Medium.otf */; };
		8B71C92C2839D080005ACDD8 /* Text.swift in Sources */ = {isa = PBXBuildFile; fileRef = 8B71C92B2839D080005ACDD8 /* Text.swift */; };
		8B747244280FC524006633FF /* DetailView.swift in Sources */ = {isa = PBXBuildFile; fileRef = 8B747243280FC523006633FF /* DetailView.swift */; };
		8B7C61F82807F20100A0E97F /* RootView.swift in Sources */ = {isa = PBXBuildFile; fileRef = 8B7C61F72807F20100A0E97F /* RootView.swift */; };
		8B7C61FA2807F21B00A0E97F /* LibraryView.swift in Sources */ = {isa = PBXBuildFile; fileRef = 8B7C61F92807F21B00A0E97F /* LibraryView.swift */; };
		8B7C61FC2807F22900A0E97F /* SearchView.swift in Sources */ = {isa = PBXBuildFile; fileRef = 8B7C61FB2807F22900A0E97F /* SearchView.swift */; };
		8B7C61FE2807F23700A0E97F /* NotesView.swift in Sources */ = {isa = PBXBuildFile; fileRef = 8B7C61FD2807F23700A0E97F /* NotesView.swift */; };
		8B7C62002807F24300A0E97F /* ProfileView.swift in Sources */ = {isa = PBXBuildFile; fileRef = 8B7C61FF2807F24300A0E97F /* ProfileView.swift */; };
		8B94E9FE28029E56009A0D36 /* OnboardingFour.swift in Sources */ = {isa = PBXBuildFile; fileRef = 8B94E9FD28029E56009A0D36 /* OnboardingFour.swift */; };
		8B94EA002802A06D009A0D36 /* GoogleService-Info.plist in Resources */ = {isa = PBXBuildFile; fileRef = 8B94E9FF2802A06D009A0D36 /* GoogleService-Info.plist */; };
		8B94EA032802A11F009A0D36 /* FirebaseAnalytics in Frameworks */ = {isa = PBXBuildFile; productRef = 8B94EA022802A11F009A0D36 /* FirebaseAnalytics */; };
		8B94EA052802A11F009A0D36 /* FirebaseAuth in Frameworks */ = {isa = PBXBuildFile; productRef = 8B94EA042802A11F009A0D36 /* FirebaseAuth */; };
		8B94EA072802A11F009A0D36 /* FirebaseCrashlytics in Frameworks */ = {isa = PBXBuildFile; productRef = 8B94EA062802A11F009A0D36 /* FirebaseCrashlytics */; };
		8B94EA092802A11F009A0D36 /* FirebaseFirestore in Frameworks */ = {isa = PBXBuildFile; productRef = 8B94EA082802A11F009A0D36 /* FirebaseFirestore */; };
		8B94EA0B2802A11F009A0D36 /* FirebaseFirestoreSwift-Beta in Frameworks */ = {isa = PBXBuildFile; productRef = 8B94EA0A2802A11F009A0D36 /* FirebaseFirestoreSwift-Beta */; };
		8B94EA0D2802A11F009A0D36 /* FirebasePerformance in Frameworks */ = {isa = PBXBuildFile; productRef = 8B94EA0C2802A11F009A0D36 /* FirebasePerformance */; };
		8B94EA0F2802A11F009A0D36 /* FirebaseStorage in Frameworks */ = {isa = PBXBuildFile; productRef = 8B94EA0E2802A11F009A0D36 /* FirebaseStorage */; };
		8B94EA112802A14D009A0D36 /* AppDelegate.swift in Sources */ = {isa = PBXBuildFile; fileRef = 8B94EA102802A14D009A0D36 /* AppDelegate.swift */; };
		8BBB1DA62810644400644434 /* SearchTerm.swift in Sources */ = {isa = PBXBuildFile; fileRef = 8BBB1DA52810644400644434 /* SearchTerm.swift */; };
		8BCDD93A28406D120085E810 /* AlertKit in Frameworks */ = {isa = PBXBuildFile; productRef = 8BCDD93928406D120085E810 /* AlertKit */; };
		8BCF15432814DE36000A375B /* StarsView.swift in Sources */ = {isa = PBXBuildFile; fileRef = 8BCF15422814DE36000A375B /* StarsView.swift */; };
/* End PBXBuildFile section */

/* Begin PBXFileReference section */
		071516C82805FC740025F373 /* OnboardingThree.swift */ = {isa = PBXFileReference; lastKnownFileType = sourcecode.swift; path = OnboardingThree.swift; sourceTree = "<group>"; };
		8B0005432807EF0600ED855C /* OnboardingTwo.swift */ = {isa = PBXFileReference; lastKnownFileType = sourcecode.swift; path = OnboardingTwo.swift; sourceTree = "<group>"; };
		8B1D86C0280CA2270051F712 /* LoadingView.swift */ = {isa = PBXFileReference; lastKnownFileType = sourcecode.swift; path = LoadingView.swift; sourceTree = "<group>"; };
		8B1F74D72845B6E700DE34DE /* SearchViewModel.swift */ = {isa = PBXFileReference; lastKnownFileType = sourcecode.swift; path = SearchViewModel.swift; sourceTree = "<group>"; };
		8B1F74D92845BC2500DE34DE /* OptionalBinding.swift */ = {isa = PBXFileReference; lastKnownFileType = sourcecode.swift; path = OptionalBinding.swift; sourceTree = "<group>"; };
		8B1F74DB2845BC6300DE34DE /* EditTextViewModel.swift */ = {isa = PBXFileReference; lastKnownFileType = sourcecode.swift; path = EditTextViewModel.swift; sourceTree = "<group>"; };
		8B32FE7927FE306A00B93C0D /* Athena.entitlements */ = {isa = PBXFileReference; lastKnownFileType = text.plist.entitlements; path = Athena.entitlements; sourceTree = "<group>"; };
		8B32FE7B27FE306B00B93C0D /* AudioToolbox.framework */ = {isa = PBXFileReference; lastKnownFileType = wrapper.framework; name = AudioToolbox.framework; path = System/Library/Frameworks/AudioToolbox.framework; sourceTree = SDKROOT; };
		8B3C404B2845DF41008CBDFA /* Array.swift */ = {isa = PBXFileReference; lastKnownFileType = sourcecode.swift; path = Array.swift; sourceTree = "<group>"; };
		8B4483232844A0FF008611C6 /* CustomTextEditor.swift */ = {isa = PBXFileReference; lastKnownFileType = sourcecode.swift; path = CustomTextEditor.swift; sourceTree = "<group>"; };
		8B4483252844A59B008611C6 /* BookCoverView.swift */ = {isa = PBXFileReference; lastKnownFileType = sourcecode.swift; path = BookCoverView.swift; sourceTree = "<group>"; };
		8B4483272844AB7E008611C6 /* InsightsView.swift */ = {isa = PBXFileReference; lastKnownFileType = sourcecode.swift; path = InsightsView.swift; sourceTree = "<group>"; };
		8B4483292844AE9A008611C6 /* InsightBlock.swift */ = {isa = PBXFileReference; lastKnownFileType = sourcecode.swift; path = InsightBlock.swift; sourceTree = "<group>"; };
		8B4F2D282821B3080011D33D /* ProgressCircleView.swift */ = {isa = PBXFileReference; lastKnownFileType = sourcecode.swift; path = ProgressCircleView.swift; sourceTree = "<group>"; };
		8B541056280E1C5100FD1A90 /* Book.swift */ = {isa = PBXFileReference; lastKnownFileType = sourcecode.swift; path = Book.swift; sourceTree = "<group>"; };
		8B541058280E1ED300FD1A90 /* User.swift */ = {isa = PBXFileReference; lastKnownFileType = sourcecode.swift; path = User.swift; sourceTree = "<group>"; };
		8B54105B280E1FD400FD1A90 /* BooksAPI.swift */ = {isa = PBXFileReference; lastKnownFileType = sourcecode.swift; path = BooksAPI.swift; sourceTree = "<group>"; };
		8B551FA628273B7200886FAB /* SettingsView.swift */ = {isa = PBXFileReference; lastKnownFileType = sourcecode.swift; path = SettingsView.swift; sourceTree = "<group>"; };
		8B551FA82827464500886FAB /* NotesDetailView.swift */ = {isa = PBXFileReference; lastKnownFileType = sourcecode.swift; path = NotesDetailView.swift; sourceTree = "<group>"; };
		8B551FAA282746A200886FAB /* Note.swift */ = {isa = PBXFileReference; lastKnownFileType = sourcecode.swift; path = Note.swift; sourceTree = "<group>"; };
		8B551FAC28274BB000886FAB /* EditTextView.swift */ = {isa = PBXFileReference; lastKnownFileType = sourcecode.swift; path = EditTextView.swift; sourceTree = "<group>"; };
		8B551FAE282754CD00886FAB /* NotificationsView.swift */ = {isa = PBXFileReference; lastKnownFileType = sourcecode.swift; path = NotificationsView.swift; sourceTree = "<group>"; };
		8B56EA972845430200FC4F76 /* String.swift */ = {isa = PBXFileReference; lastKnownFileType = sourcecode.swift; path = String.swift; sourceTree = "<group>"; };
		8B56EA992845432600FC4F76 /* Convertable.swift */ = {isa = PBXFileReference; lastKnownFileType = sourcecode.swift; path = Convertable.swift; sourceTree = "<group>"; };
		8B56EA9B2845437500FC4F76 /* Storage.swift */ = {isa = PBXFileReference; lastKnownFileType = sourcecode.swift; path = Storage.swift; sourceTree = "<group>"; };
		8B56EA9D2845508A00FC4F76 /* RootViewModel.swift */ = {isa = PBXFileReference; lastKnownFileType = sourcecode.swift; path = RootViewModel.swift; sourceTree = "<group>"; };
		8B56EAA12845511500FC4F76 /* SortOptions.swift */ = {isa = PBXFileReference; lastKnownFileType = sourcecode.swift; path = SortOptions.swift; sourceTree = "<group>"; };
		8B56EAA32845513300FC4F76 /* TextContentType.swift */ = {isa = PBXFileReference; lastKnownFileType = sourcecode.swift; path = TextContentType.swift; sourceTree = "<group>"; };
		8B56EAA52845513F00FC4F76 /* ContentActionType.swift */ = {isa = PBXFileReference; lastKnownFileType = sourcecode.swift; path = ContentActionType.swift; sourceTree = "<group>"; };
		8B56EAA72845546500FC4F76 /* TextPreviewView.swift */ = {isa = PBXFileReference; lastKnownFileType = sourcecode.swift; path = TextPreviewView.swift; sourceTree = "<group>"; };
		8B56EAAB28455C3600FC4F76 /* LibraryType.swift */ = {isa = PBXFileReference; lastKnownFileType = sourcecode.swift; path = LibraryType.swift; sourceTree = "<group>"; };
		8B5A6F9D27FDD799003F56C7 /* Athena.app */ = {isa = PBXFileReference; explicitFileType = wrapper.application; includeInIndex = 0; path = Athena.app; sourceTree = BUILT_PRODUCTS_DIR; };
		8B5A6FA027FDD799003F56C7 /* AthenaApp.swift */ = {isa = PBXFileReference; lastKnownFileType = sourcecode.swift; path = AthenaApp.swift; sourceTree = "<group>"; };
		8B5A6FA227FDD799003F56C7 /* OnboardingOne.swift */ = {isa = PBXFileReference; lastKnownFileType = sourcecode.swift; path = OnboardingOne.swift; sourceTree = "<group>"; };
		8B5A6FA427FDD79D003F56C7 /* Assets.xcassets */ = {isa = PBXFileReference; lastKnownFileType = folder.assetcatalog; path = Assets.xcassets; sourceTree = "<group>"; };
		8B5A6FA727FDD79D003F56C7 /* Preview Assets.xcassets */ = {isa = PBXFileReference; lastKnownFileType = folder.assetcatalog; path = "Preview Assets.xcassets"; sourceTree = "<group>"; };
		8B71C9212839CFD8005ACDD8 /* FoundersGrotesk-Bold.otf */ = {isa = PBXFileReference; lastKnownFileType = file; path = "FoundersGrotesk-Bold.otf"; sourceTree = "<group>"; };
		8B71C9222839CFD8005ACDD8 /* FoundersGrotesk-Light.otf */ = {isa = PBXFileReference; lastKnownFileType = file; path = "FoundersGrotesk-Light.otf"; sourceTree = "<group>"; };
		8B71C9232839CFD8005ACDD8 /* FoundersGrotesk-Regular.otf */ = {isa = PBXFileReference; lastKnownFileType = file; path = "FoundersGrotesk-Regular.otf"; sourceTree = "<group>"; };
		8B71C9242839CFD8005ACDD8 /* FoundersGrotesk-Semibold.otf */ = {isa = PBXFileReference; lastKnownFileType = file; path = "FoundersGrotesk-Semibold.otf"; sourceTree = "<group>"; };
		8B71C9252839CFD8005ACDD8 /* FoundersGrotesk-Medium.otf */ = {isa = PBXFileReference; lastKnownFileType = file; path = "FoundersGrotesk-Medium.otf"; sourceTree = "<group>"; };
		8B71C92B2839D080005ACDD8 /* Text.swift */ = {isa = PBXFileReference; fileEncoding = 4; lastKnownFileType = sourcecode.swift; path = Text.swift; sourceTree = "<group>"; };
		8B747243280FC523006633FF /* DetailView.swift */ = {isa = PBXFileReference; lastKnownFileType = sourcecode.swift; path = DetailView.swift; sourceTree = "<group>"; };
		8B7C61F72807F20100A0E97F /* RootView.swift */ = {isa = PBXFileReference; lastKnownFileType = sourcecode.swift; path = RootView.swift; sourceTree = "<group>"; };
		8B7C61F92807F21B00A0E97F /* LibraryView.swift */ = {isa = PBXFileReference; lastKnownFileType = sourcecode.swift; path = LibraryView.swift; sourceTree = "<group>"; };
		8B7C61FB2807F22900A0E97F /* SearchView.swift */ = {isa = PBXFileReference; lastKnownFileType = sourcecode.swift; path = SearchView.swift; sourceTree = "<group>"; };
		8B7C61FD2807F23700A0E97F /* NotesView.swift */ = {isa = PBXFileReference; lastKnownFileType = sourcecode.swift; path = NotesView.swift; sourceTree = "<group>"; };
		8B7C61FF2807F24300A0E97F /* ProfileView.swift */ = {isa = PBXFileReference; lastKnownFileType = sourcecode.swift; path = ProfileView.swift; sourceTree = "<group>"; };
		8B94E9FD28029E56009A0D36 /* OnboardingFour.swift */ = {isa = PBXFileReference; lastKnownFileType = sourcecode.swift; path = OnboardingFour.swift; sourceTree = "<group>"; };
		8B94E9FF2802A06D009A0D36 /* GoogleService-Info.plist */ = {isa = PBXFileReference; fileEncoding = 4; lastKnownFileType = text.plist.xml; path = "GoogleService-Info.plist"; sourceTree = "<group>"; };
		8B94EA102802A14D009A0D36 /* AppDelegate.swift */ = {isa = PBXFileReference; lastKnownFileType = sourcecode.swift; path = AppDelegate.swift; sourceTree = "<group>"; };
		8B94EA122802A4CF009A0D36 /* Info.plist */ = {isa = PBXFileReference; lastKnownFileType = text.plist; path = Info.plist; sourceTree = "<group>"; };
		8BBB1DA52810644400644434 /* SearchTerm.swift */ = {isa = PBXFileReference; lastKnownFileType = sourcecode.swift; path = SearchTerm.swift; sourceTree = "<group>"; };
		8BCF15422814DE36000A375B /* StarsView.swift */ = {isa = PBXFileReference; lastKnownFileType = sourcecode.swift; path = StarsView.swift; sourceTree = "<group>"; };
/* End PBXFileReference section */

/* Begin PBXFrameworksBuildPhase section */
		8B5A6F9A27FDD799003F56C7 /* Frameworks */ = {
			isa = PBXFrameworksBuildPhase;
			buildActionMask = 2147483647;
			files = (
				8B94EA0D2802A11F009A0D36 /* FirebasePerformance in Frameworks */,
				8B94EA032802A11F009A0D36 /* FirebaseAnalytics in Frameworks */,
				8B94EA072802A11F009A0D36 /* FirebaseCrashlytics in Frameworks */,
				8B541063280E297700FD1A90 /* SDWebImageSwiftUI in Frameworks */,
				8B56EA95284542A900FC4F76 /* SwiftyJSON in Frameworks */,
				8B94EA052802A11F009A0D36 /* FirebaseAuth in Frameworks */,
				8B94EA0B2802A11F009A0D36 /* FirebaseFirestoreSwift-Beta in Frameworks */,
				8B94EA0F2802A11F009A0D36 /* FirebaseStorage in Frameworks */,
				8B94EA092802A11F009A0D36 /* FirebaseFirestore in Frameworks */,
				8B32FE7C27FE306B00B93C0D /* AudioToolbox.framework in Frameworks */,
				8BCDD93A28406D120085E810 /* AlertKit in Frameworks */,
			);
			runOnlyForDeploymentPostprocessing = 0;
		};
/* End PBXFrameworksBuildPhase section */

/* Begin PBXGroup section */
		8B32FE7A27FE306B00B93C0D /* Frameworks */ = {
			isa = PBXGroup;
			children = (
				8B32FE7B27FE306B00B93C0D /* AudioToolbox.framework */,
			);
			name = Frameworks;
			sourceTree = "<group>";
		};
		8B54105A280E1EE600FD1A90 /* Data Models */ = {
			isa = PBXGroup;
			children = (
				8B541056280E1C5100FD1A90 /* Book.swift */,
				8B551FAA282746A200886FAB /* Note.swift */,
				8BBB1DA52810644400644434 /* SearchTerm.swift */,
				8B541058280E1ED300FD1A90 /* User.swift */,
			);
			path = "Data Models";
			sourceTree = "<group>";
		};
		8B54105D280E25FC00FD1A90 /* Views */ = {
			isa = PBXGroup;
			children = (
				8B7C61F62807F1EA00A0E97F /* Onboarding */,
				8B7C61F72807F20100A0E97F /* RootView.swift */,
				8B7C61F92807F21B00A0E97F /* LibraryView.swift */,
				8B747243280FC523006633FF /* DetailView.swift */,
				8B7C61FB2807F22900A0E97F /* SearchView.swift */,
				8B7C61FD2807F23700A0E97F /* NotesView.swift */,
				8B551FA82827464500886FAB /* NotesDetailView.swift */,
				8B551FAC28274BB000886FAB /* EditTextView.swift */,
				8B7C61FF2807F24300A0E97F /* ProfileView.swift */,
				8B551FA628273B7200886FAB /* SettingsView.swift */,
				8B551FAE282754CD00886FAB /* NotificationsView.swift */,
				8B4483272844AB7E008611C6 /* InsightsView.swift */,
				8BCF15412814DE26000A375B /* Subviews */,
				8B56EA96284542E000FC4F76 /* Extensions */,
			);
			path = Views;
			sourceTree = "<group>";
		};
		8B54105E280E260700FD1A90 /* Helpers */ = {
			isa = PBXGroup;
			children = (
				8B54105B280E1FD400FD1A90 /* BooksAPI.swift */,
			);
			path = Helpers;
			sourceTree = "<group>";
		};
		8B56EA96284542E000FC4F76 /* Extensions */ = {
			isa = PBXGroup;
			children = (
				8B3C404B2845DF41008CBDFA /* Array.swift */,
				8B56EA992845432600FC4F76 /* Convertable.swift */,
				8B1F74D92845BC2500DE34DE /* OptionalBinding.swift */,
				8B56EA972845430200FC4F76 /* String.swift */,
				8B56EA9B2845437500FC4F76 /* Storage.swift */,
				8B71C92B2839D080005ACDD8 /* Text.swift */,
			);
			path = Extensions;
			sourceTree = "<group>";
		};
		8B56EA9F2845509400FC4F76 /* View Models */ = {
			isa = PBXGroup;
			children = (
				8B56EA9D2845508A00FC4F76 /* RootViewModel.swift */,
				8B1F74D72845B6E700DE34DE /* SearchViewModel.swift */,
				8B1F74DB2845BC6300DE34DE /* EditTextViewModel.swift */,
			);
			path = "View Models";
			sourceTree = "<group>";
		};
		8B56EAA02845510C00FC4F76 /* Enums */ = {
			isa = PBXGroup;
			children = (
				8B56EAA52845513F00FC4F76 /* ContentActionType.swift */,
				8B56EAAB28455C3600FC4F76 /* LibraryType.swift */,
				8B56EAA12845511500FC4F76 /* SortOptions.swift */,
				8B56EAA32845513300FC4F76 /* TextContentType.swift */,
			);
			path = Enums;
			sourceTree = "<group>";
		};
		8B5A6F9427FDD799003F56C7 = {
			isa = PBXGroup;
			children = (
				8B5A6F9F27FDD799003F56C7 /* Athena */,
				8B5A6F9E27FDD799003F56C7 /* Products */,
				8B32FE7A27FE306B00B93C0D /* Frameworks */,
			);
			sourceTree = "<group>";
		};
		8B5A6F9E27FDD799003F56C7 /* Products */ = {
			isa = PBXGroup;
			children = (
				8B5A6F9D27FDD799003F56C7 /* Athena.app */,
			);
			name = Products;
			sourceTree = "<group>";
		};
		8B5A6F9F27FDD799003F56C7 /* Athena */ = {
			isa = PBXGroup;
			children = (
				8B94EA122802A4CF009A0D36 /* Info.plist */,
				8B32FE7927FE306A00B93C0D /* Athena.entitlements */,
				8B94EA102802A14D009A0D36 /* AppDelegate.swift */,
				8B5A6FA027FDD799003F56C7 /* AthenaApp.swift */,
				8B56EAA02845510C00FC4F76 /* Enums */,
				8B54105E280E260700FD1A90 /* Helpers */,
				8B54105A280E1EE600FD1A90 /* Data Models */,
				8B56EA9F2845509400FC4F76 /* View Models */,
				8B54105D280E25FC00FD1A90 /* Views */,
				8B5A6FA427FDD79D003F56C7 /* Assets.xcassets */,
				8B94E9FF2802A06D009A0D36 /* GoogleService-Info.plist */,
				8B71C9202839CDE5005ACDD8 /* Fonts */,
				8B5A6FA627FDD79D003F56C7 /* Preview Content */,
			);
			path = Athena;
			sourceTree = "<group>";
		};
		8B5A6FA627FDD79D003F56C7 /* Preview Content */ = {
			isa = PBXGroup;
			children = (
				8B5A6FA727FDD79D003F56C7 /* Preview Assets.xcassets */,
			);
			path = "Preview Content";
			sourceTree = "<group>";
		};
		8B71C9202839CDE5005ACDD8 /* Fonts */ = {
			isa = PBXGroup;
			children = (
				8B71C9212839CFD8005ACDD8 /* FoundersGrotesk-Bold.otf */,
				8B71C9222839CFD8005ACDD8 /* FoundersGrotesk-Light.otf */,
				8B71C9252839CFD8005ACDD8 /* FoundersGrotesk-Medium.otf */,
				8B71C9232839CFD8005ACDD8 /* FoundersGrotesk-Regular.otf */,
				8B71C9242839CFD8005ACDD8 /* FoundersGrotesk-Semibold.otf */,
			);
			path = Fonts;
			sourceTree = "<group>";
		};
		8B7C61F62807F1EA00A0E97F /* Onboarding */ = {
			isa = PBXGroup;
			children = (
				8B5A6FA227FDD799003F56C7 /* OnboardingOne.swift */,
				8B0005432807EF0600ED855C /* OnboardingTwo.swift */,
				071516C82805FC740025F373 /* OnboardingThree.swift */,
				8B94E9FD28029E56009A0D36 /* OnboardingFour.swift */,
			);
			path = Onboarding;
			sourceTree = "<group>";
		};
		8BCF15412814DE26000A375B /* Subviews */ = {
			isa = PBXGroup;
			children = (
				8B4483252844A59B008611C6 /* BookCoverView.swift */,
				8B4483232844A0FF008611C6 /* CustomTextEditor.swift */,
				8B4483292844AE9A008611C6 /* InsightBlock.swift */,
				8B1D86C0280CA2270051F712 /* LoadingView.swift */,
				8B4F2D282821B3080011D33D /* ProgressCircleView.swift */,
				8BCF15422814DE36000A375B /* StarsView.swift */,
				8B56EAA72845546500FC4F76 /* TextPreviewView.swift */,
			);
			path = Subviews;
			sourceTree = "<group>";
		};
/* End PBXGroup section */

/* Begin PBXNativeTarget section */
		8B5A6F9C27FDD799003F56C7 /* Athena */ = {
			isa = PBXNativeTarget;
			buildConfigurationList = 8B5A6FAB27FDD79D003F56C7 /* Build configuration list for PBXNativeTarget "Athena" */;
			buildPhases = (
				8B5A6F9927FDD799003F56C7 /* Sources */,
				8B5A6F9A27FDD799003F56C7 /* Frameworks */,
				8B5A6F9B27FDD799003F56C7 /* Resources */,
			);
			buildRules = (
			);
			dependencies = (
			);
			name = Athena;
			packageProductDependencies = (
				8B94EA022802A11F009A0D36 /* FirebaseAnalytics */,
				8B94EA042802A11F009A0D36 /* FirebaseAuth */,
				8B94EA062802A11F009A0D36 /* FirebaseCrashlytics */,
				8B94EA082802A11F009A0D36 /* FirebaseFirestore */,
				8B94EA0A2802A11F009A0D36 /* FirebaseFirestoreSwift-Beta */,
				8B94EA0C2802A11F009A0D36 /* FirebasePerformance */,
				8B94EA0E2802A11F009A0D36 /* FirebaseStorage */,
				8B541062280E297700FD1A90 /* SDWebImageSwiftUI */,
				8BCDD93928406D120085E810 /* AlertKit */,
				8B56EA94284542A900FC4F76 /* SwiftyJSON */,
			);
			productName = Athena;
			productReference = 8B5A6F9D27FDD799003F56C7 /* Athena.app */;
			productType = "com.apple.product-type.application";
		};
/* End PBXNativeTarget section */

/* Begin PBXProject section */
		8B5A6F9527FDD799003F56C7 /* Project object */ = {
			isa = PBXProject;
			attributes = {
				BuildIndependentTargetsInParallel = 1;
				LastSwiftUpdateCheck = 1330;
				LastUpgradeCheck = 1330;
				TargetAttributes = {
					8B5A6F9C27FDD799003F56C7 = {
						CreatedOnToolsVersion = 13.3;
					};
				};
			};
			buildConfigurationList = 8B5A6F9827FDD799003F56C7 /* Build configuration list for PBXProject "Athena" */;
			compatibilityVersion = "Xcode 13.0";
			developmentRegion = en;
			hasScannedForEncodings = 0;
			knownRegions = (
				en,
				Base,
			);
			mainGroup = 8B5A6F9427FDD799003F56C7;
			packageReferences = (
				8B94EA012802A11F009A0D36 /* XCRemoteSwiftPackageReference "firebase-ios-sdk" */,
				8B541061280E297700FD1A90 /* XCRemoteSwiftPackageReference "SDWebImageSwiftUI" */,
				8BCDD93828406D120085E810 /* XCRemoteSwiftPackageReference "AlertKit" */,
				8B56EA93284542A900FC4F76 /* XCRemoteSwiftPackageReference "SwiftyJSON" */,
			);
			productRefGroup = 8B5A6F9E27FDD799003F56C7 /* Products */;
			projectDirPath = "";
			projectRoot = "";
			targets = (
				8B5A6F9C27FDD799003F56C7 /* Athena */,
			);
		};
/* End PBXProject section */

/* Begin PBXResourcesBuildPhase section */
		8B5A6F9B27FDD799003F56C7 /* Resources */ = {
			isa = PBXResourcesBuildPhase;
			buildActionMask = 2147483647;
			files = (
				8B71C9282839CFD8005ACDD8 /* FoundersGrotesk-Regular.otf in Resources */,
				8B5A6FA827FDD79D003F56C7 /* Preview Assets.xcassets in Resources */,
				8B5A6FA527FDD79D003F56C7 /* Assets.xcassets in Resources */,
				8B71C9292839CFD8005ACDD8 /* FoundersGrotesk-Semibold.otf in Resources */,
				8B71C92A2839CFD8005ACDD8 /* FoundersGrotesk-Medium.otf in Resources */,
				8B71C9272839CFD8005ACDD8 /* FoundersGrotesk-Light.otf in Resources */,
				8B71C9262839CFD8005ACDD8 /* FoundersGrotesk-Bold.otf in Resources */,
				8B94EA002802A06D009A0D36 /* GoogleService-Info.plist in Resources */,
			);
			runOnlyForDeploymentPostprocessing = 0;
		};
/* End PBXResourcesBuildPhase section */

/* Begin PBXSourcesBuildPhase section */
		8B5A6F9927FDD799003F56C7 /* Sources */ = {
			isa = PBXSourcesBuildPhase;
			buildActionMask = 2147483647;
			files = (
				8B7C61FA2807F21B00A0E97F /* LibraryView.swift in Sources */,
				8B551FAD28274BB000886FAB /* EditTextView.swift in Sources */,
				8BCF15432814DE36000A375B /* StarsView.swift in Sources */,
				8B94EA112802A14D009A0D36 /* AppDelegate.swift in Sources */,
				8B747244280FC524006633FF /* DetailView.swift in Sources */,
				8B56EAA42845513300FC4F76 /* TextContentType.swift in Sources */,
				8BBB1DA62810644400644434 /* SearchTerm.swift in Sources */,
				8B7C62002807F24300A0E97F /* ProfileView.swift in Sources */,
				8B94E9FE28029E56009A0D36 /* OnboardingFour.swift in Sources */,
				8B3C404C2845DF41008CBDFA /* Array.swift in Sources */,
				8B7C61F82807F20100A0E97F /* RootView.swift in Sources */,
				8B551FA92827464500886FAB /* NotesDetailView.swift in Sources */,
				8B1D86C1280CA2270051F712 /* LoadingView.swift in Sources */,
				8B551FAB282746A200886FAB /* Note.swift in Sources */,
				8B56EAA22845511500FC4F76 /* SortOptions.swift in Sources */,
				8B56EA982845430200FC4F76 /* String.swift in Sources */,
				8B541059280E1ED300FD1A90 /* User.swift in Sources */,
				8B7C61FC2807F22900A0E97F /* SearchView.swift in Sources */,
				8B56EAA62845513F00FC4F76 /* ContentActionType.swift in Sources */,
				8B1F74D82845B6E700DE34DE /* SearchViewModel.swift in Sources */,
				8B5A6FA327FDD799003F56C7 /* OnboardingOne.swift in Sources */,
				8B54105C280E1FD400FD1A90 /* BooksAPI.swift in Sources */,
				8B56EA9A2845432600FC4F76 /* Convertable.swift in Sources */,
				071516C92805FC740025F373 /* OnboardingThree.swift in Sources */,
				8B56EAAC28455C3600FC4F76 /* LibraryType.swift in Sources */,
				8B56EA9E2845508A00FC4F76 /* RootViewModel.swift in Sources */,
				8B4F2D292821B3080011D33D /* ProgressCircleView.swift in Sources */,
				8B56EAA82845546500FC4F76 /* TextPreviewView.swift in Sources */,
				8B5A6FA127FDD799003F56C7 /* AthenaApp.swift in Sources */,
				8B71C92C2839D080005ACDD8 /* Text.swift in Sources */,
				8B4483242844A0FF008611C6 /* CustomTextEditor.swift in Sources */,
				8B1F74DC2845BC6300DE34DE /* EditTextViewModel.swift in Sources */,
				8B4483282844AB7E008611C6 /* InsightsView.swift in Sources */,
				8B0005442807EF0600ED855C /* OnboardingTwo.swift in Sources */,
				8B4483262844A59B008611C6 /* BookCoverView.swift in Sources */,
				8B1F74DA2845BC2500DE34DE /* OptionalBinding.swift in Sources */,
				8B541057280E1C5100FD1A90 /* Book.swift in Sources */,
				8B44832A2844AE9A008611C6 /* InsightBlock.swift in Sources */,
				8B551FAF282754CD00886FAB /* NotificationsView.swift in Sources */,
				8B56EA9C2845437500FC4F76 /* Storage.swift in Sources */,
				8B7C61FE2807F23700A0E97F /* NotesView.swift in Sources */,
				8B551FA728273B7200886FAB /* SettingsView.swift in Sources */,
			);
			runOnlyForDeploymentPostprocessing = 0;
		};
/* End PBXSourcesBuildPhase section */

/* Begin XCBuildConfiguration section */
		8B5A6FA927FDD79D003F56C7 /* Debug */ = {
			isa = XCBuildConfiguration;
			buildSettings = {
				ALWAYS_SEARCH_USER_PATHS = NO;
				CLANG_ANALYZER_NONNULL = YES;
				CLANG_ANALYZER_NUMBER_OBJECT_CONVERSION = YES_AGGRESSIVE;
				CLANG_CXX_LANGUAGE_STANDARD = "gnu++17";
				CLANG_ENABLE_MODULES = YES;
				CLANG_ENABLE_OBJC_ARC = YES;
				CLANG_ENABLE_OBJC_WEAK = YES;
				CLANG_WARN_BLOCK_CAPTURE_AUTORELEASING = YES;
				CLANG_WARN_BOOL_CONVERSION = YES;
				CLANG_WARN_COMMA = YES;
				CLANG_WARN_CONSTANT_CONVERSION = YES;
				CLANG_WARN_DEPRECATED_OBJC_IMPLEMENTATIONS = YES;
				CLANG_WARN_DIRECT_OBJC_ISA_USAGE = YES_ERROR;
				CLANG_WARN_DOCUMENTATION_COMMENTS = YES;
				CLANG_WARN_EMPTY_BODY = YES;
				CLANG_WARN_ENUM_CONVERSION = YES;
				CLANG_WARN_INFINITE_RECURSION = YES;
				CLANG_WARN_INT_CONVERSION = YES;
				CLANG_WARN_NON_LITERAL_NULL_CONVERSION = YES;
				CLANG_WARN_OBJC_IMPLICIT_RETAIN_SELF = YES;
				CLANG_WARN_OBJC_LITERAL_CONVERSION = YES;
				CLANG_WARN_OBJC_ROOT_CLASS = YES_ERROR;
				CLANG_WARN_QUOTED_INCLUDE_IN_FRAMEWORK_HEADER = YES;
				CLANG_WARN_RANGE_LOOP_ANALYSIS = YES;
				CLANG_WARN_STRICT_PROTOTYPES = YES;
				CLANG_WARN_SUSPICIOUS_MOVE = YES;
				CLANG_WARN_UNGUARDED_AVAILABILITY = YES_AGGRESSIVE;
				CLANG_WARN_UNREACHABLE_CODE = YES;
				CLANG_WARN__DUPLICATE_METHOD_MATCH = YES;
				COPY_PHASE_STRIP = NO;
				DEBUG_INFORMATION_FORMAT = dwarf;
				ENABLE_STRICT_OBJC_MSGSEND = YES;
				ENABLE_TESTABILITY = YES;
				GCC_C_LANGUAGE_STANDARD = gnu11;
				GCC_DYNAMIC_NO_PIC = NO;
				GCC_NO_COMMON_BLOCKS = YES;
				GCC_OPTIMIZATION_LEVEL = 0;
				GCC_PREPROCESSOR_DEFINITIONS = (
					"DEBUG=1",
					"$(inherited)",
				);
				GCC_WARN_64_TO_32_BIT_CONVERSION = YES;
				GCC_WARN_ABOUT_RETURN_TYPE = YES_ERROR;
				GCC_WARN_UNDECLARED_SELECTOR = YES;
				GCC_WARN_UNINITIALIZED_AUTOS = YES_AGGRESSIVE;
				GCC_WARN_UNUSED_FUNCTION = YES;
				GCC_WARN_UNUSED_VARIABLE = YES;
				IPHONEOS_DEPLOYMENT_TARGET = 15.4;
				MTL_ENABLE_DEBUG_INFO = INCLUDE_SOURCE;
				MTL_FAST_MATH = YES;
				ONLY_ACTIVE_ARCH = YES;
				SDKROOT = iphoneos;
				SWIFT_ACTIVE_COMPILATION_CONDITIONS = DEBUG;
				SWIFT_OPTIMIZATION_LEVEL = "-Onone";
			};
			name = Debug;
		};
		8B5A6FAA27FDD79D003F56C7 /* Release */ = {
			isa = XCBuildConfiguration;
			buildSettings = {
				ALWAYS_SEARCH_USER_PATHS = NO;
				CLANG_ANALYZER_NONNULL = YES;
				CLANG_ANALYZER_NUMBER_OBJECT_CONVERSION = YES_AGGRESSIVE;
				CLANG_CXX_LANGUAGE_STANDARD = "gnu++17";
				CLANG_ENABLE_MODULES = YES;
				CLANG_ENABLE_OBJC_ARC = YES;
				CLANG_ENABLE_OBJC_WEAK = YES;
				CLANG_WARN_BLOCK_CAPTURE_AUTORELEASING = YES;
				CLANG_WARN_BOOL_CONVERSION = YES;
				CLANG_WARN_COMMA = YES;
				CLANG_WARN_CONSTANT_CONVERSION = YES;
				CLANG_WARN_DEPRECATED_OBJC_IMPLEMENTATIONS = YES;
				CLANG_WARN_DIRECT_OBJC_ISA_USAGE = YES_ERROR;
				CLANG_WARN_DOCUMENTATION_COMMENTS = YES;
				CLANG_WARN_EMPTY_BODY = YES;
				CLANG_WARN_ENUM_CONVERSION = YES;
				CLANG_WARN_INFINITE_RECURSION = YES;
				CLANG_WARN_INT_CONVERSION = YES;
				CLANG_WARN_NON_LITERAL_NULL_CONVERSION = YES;
				CLANG_WARN_OBJC_IMPLICIT_RETAIN_SELF = YES;
				CLANG_WARN_OBJC_LITERAL_CONVERSION = YES;
				CLANG_WARN_OBJC_ROOT_CLASS = YES_ERROR;
				CLANG_WARN_QUOTED_INCLUDE_IN_FRAMEWORK_HEADER = YES;
				CLANG_WARN_RANGE_LOOP_ANALYSIS = YES;
				CLANG_WARN_STRICT_PROTOTYPES = YES;
				CLANG_WARN_SUSPICIOUS_MOVE = YES;
				CLANG_WARN_UNGUARDED_AVAILABILITY = YES_AGGRESSIVE;
				CLANG_WARN_UNREACHABLE_CODE = YES;
				CLANG_WARN__DUPLICATE_METHOD_MATCH = YES;
				COPY_PHASE_STRIP = NO;
				DEBUG_INFORMATION_FORMAT = "dwarf-with-dsym";
				ENABLE_NS_ASSERTIONS = NO;
				ENABLE_STRICT_OBJC_MSGSEND = YES;
				GCC_C_LANGUAGE_STANDARD = gnu11;
				GCC_NO_COMMON_BLOCKS = YES;
				GCC_WARN_64_TO_32_BIT_CONVERSION = YES;
				GCC_WARN_ABOUT_RETURN_TYPE = YES_ERROR;
				GCC_WARN_UNDECLARED_SELECTOR = YES;
				GCC_WARN_UNINITIALIZED_AUTOS = YES_AGGRESSIVE;
				GCC_WARN_UNUSED_FUNCTION = YES;
				GCC_WARN_UNUSED_VARIABLE = YES;
				IPHONEOS_DEPLOYMENT_TARGET = 15.4;
				MTL_ENABLE_DEBUG_INFO = NO;
				MTL_FAST_MATH = YES;
				SDKROOT = iphoneos;
				SWIFT_COMPILATION_MODE = wholemodule;
				SWIFT_OPTIMIZATION_LEVEL = "-O";
				VALIDATE_PRODUCT = YES;
			};
			name = Release;
		};
		8B5A6FAC27FDD79D003F56C7 /* Debug */ = {
			isa = XCBuildConfiguration;
			buildSettings = {
				ASSETCATALOG_COMPILER_APPICON_NAME = AppIcon;
				ASSETCATALOG_COMPILER_GLOBAL_ACCENT_COLOR_NAME = AccentColor;
				CODE_SIGN_ENTITLEMENTS = Athena/Athena.entitlements;
				CODE_SIGN_STYLE = Automatic;
				CURRENT_PROJECT_VERSION = 63;
				DEVELOPMENT_ASSET_PATHS = "\"Athena/Preview Content\"";
				DEVELOPMENT_TEAM = XJYMG76226;
				ENABLE_PREVIEWS = YES;
				GENERATE_INFOPLIST_FILE = YES;
				INFOPLIST_FILE = Athena/Info.plist;
				INFOPLIST_KEY_UIApplicationSceneManifest_Generation = YES;
				INFOPLIST_KEY_UIApplicationSupportsIndirectInputEvents = YES;
				INFOPLIST_KEY_UILaunchScreen_Generation = YES;
				INFOPLIST_KEY_UISupportedInterfaceOrientations_iPad = "UIInterfaceOrientationPortrait UIInterfaceOrientationPortraitUpsideDown UIInterfaceOrientationLandscapeLeft UIInterfaceOrientationLandscapeRight";
				INFOPLIST_KEY_UISupportedInterfaceOrientations_iPhone = UIInterfaceOrientationPortrait;
				IPHONEOS_DEPLOYMENT_TARGET = 15.0;
				LD_RUNPATH_SEARCH_PATHS = (
					"$(inherited)",
					"@executable_path/Frameworks",
				);
				MARKETING_VERSION = 1.0;
				PRODUCT_BUNDLE_IDENTIFIER = xyz.ninefortyone.Athena;
				PRODUCT_NAME = "$(TARGET_NAME)";
				SWIFT_EMIT_LOC_STRINGS = YES;
				SWIFT_VERSION = 5.0;
				TARGETED_DEVICE_FAMILY = "1,2";
			};
			name = Debug;
		};
		8B5A6FAD27FDD79D003F56C7 /* Release */ = {
			isa = XCBuildConfiguration;
			buildSettings = {
				ASSETCATALOG_COMPILER_APPICON_NAME = AppIcon;
				ASSETCATALOG_COMPILER_GLOBAL_ACCENT_COLOR_NAME = AccentColor;
				CODE_SIGN_ENTITLEMENTS = Athena/Athena.entitlements;
				CODE_SIGN_STYLE = Automatic;
				CURRENT_PROJECT_VERSION = 63;
				DEVELOPMENT_ASSET_PATHS = "\"Athena/Preview Content\"";
				DEVELOPMENT_TEAM = XJYMG76226;
				ENABLE_PREVIEWS = YES;
				GENERATE_INFOPLIST_FILE = YES;
				INFOPLIST_FILE = Athena/Info.plist;
				INFOPLIST_KEY_UIApplicationSceneManifest_Generation = YES;
				INFOPLIST_KEY_UIApplicationSupportsIndirectInputEvents = YES;
				INFOPLIST_KEY_UILaunchScreen_Generation = YES;
				INFOPLIST_KEY_UISupportedInterfaceOrientations_iPad = "UIInterfaceOrientationPortrait UIInterfaceOrientationPortraitUpsideDown UIInterfaceOrientationLandscapeLeft UIInterfaceOrientationLandscapeRight";
				INFOPLIST_KEY_UISupportedInterfaceOrientations_iPhone = UIInterfaceOrientationPortrait;
				IPHONEOS_DEPLOYMENT_TARGET = 15.0;
				LD_RUNPATH_SEARCH_PATHS = (
					"$(inherited)",
					"@executable_path/Frameworks",
				);
				MARKETING_VERSION = 1.0;
				PRODUCT_BUNDLE_IDENTIFIER = xyz.ninefortyone.Athena;
				PRODUCT_NAME = "$(TARGET_NAME)";
				SWIFT_EMIT_LOC_STRINGS = YES;
				SWIFT_VERSION = 5.0;
				TARGETED_DEVICE_FAMILY = "1,2";
			};
			name = Release;
		};
/* End XCBuildConfiguration section */

/* Begin XCConfigurationList section */
		8B5A6F9827FDD799003F56C7 /* Build configuration list for PBXProject "Athena" */ = {
			isa = XCConfigurationList;
			buildConfigurations = (
				8B5A6FA927FDD79D003F56C7 /* Debug */,
				8B5A6FAA27FDD79D003F56C7 /* Release */,
			);
			defaultConfigurationIsVisible = 0;
			defaultConfigurationName = Release;
		};
		8B5A6FAB27FDD79D003F56C7 /* Build configuration list for PBXNativeTarget "Athena" */ = {
			isa = XCConfigurationList;
			buildConfigurations = (
				8B5A6FAC27FDD79D003F56C7 /* Debug */,
				8B5A6FAD27FDD79D003F56C7 /* Release */,
			);
			defaultConfigurationIsVisible = 0;
			defaultConfigurationName = Release;
		};
/* End XCConfigurationList section */

/* Begin XCRemoteSwiftPackageReference section */
		8B541061280E297700FD1A90 /* XCRemoteSwiftPackageReference "SDWebImageSwiftUI" */ = {
			isa = XCRemoteSwiftPackageReference;
			repositoryURL = "https://github.com/SDWebImage/SDWebImageSwiftUI";
			requirement = {
				branch = master;
				kind = branch;
			};
		};
		8B56EA93284542A900FC4F76 /* XCRemoteSwiftPackageReference "SwiftyJSON" */ = {
			isa = XCRemoteSwiftPackageReference;
			repositoryURL = "https://github.com/SwiftyJSON/SwiftyJSON";
			requirement = {
				branch = master;
				kind = branch;
			};
		};
		8B94EA012802A11F009A0D36 /* XCRemoteSwiftPackageReference "firebase-ios-sdk" */ = {
			isa = XCRemoteSwiftPackageReference;
			repositoryURL = "https://github.com/firebase/firebase-ios-sdk";
			requirement = {
				kind = upToNextMajorVersion;
				minimumVersion = 8.0.0;
			};
		};
		8BCDD93828406D120085E810 /* XCRemoteSwiftPackageReference "AlertKit" */ = {
			isa = XCRemoteSwiftPackageReference;
			repositoryURL = "https://github.com/rebeloper/AlertKit.git";
			requirement = {
				kind = upToNextMajorVersion;
				minimumVersion = 0.2.0;
			};
		};
/* End XCRemoteSwiftPackageReference section */

/* Begin XCSwiftPackageProductDependency section */
		8B541062280E297700FD1A90 /* SDWebImageSwiftUI */ = {
			isa = XCSwiftPackageProductDependency;
			package = 8B541061280E297700FD1A90 /* XCRemoteSwiftPackageReference "SDWebImageSwiftUI" */;
			productName = SDWebImageSwiftUI;
		};
		8B56EA94284542A900FC4F76 /* SwiftyJSON */ = {
			isa = XCSwiftPackageProductDependency;
			package = 8B56EA93284542A900FC4F76 /* XCRemoteSwiftPackageReference "SwiftyJSON" */;
			productName = SwiftyJSON;
		};
		8B94EA022802A11F009A0D36 /* FirebaseAnalytics */ = {
			isa = XCSwiftPackageProductDependency;
			package = 8B94EA012802A11F009A0D36 /* XCRemoteSwiftPackageReference "firebase-ios-sdk" */;
			productName = FirebaseAnalytics;
		};
		8B94EA042802A11F009A0D36 /* FirebaseAuth */ = {
			isa = XCSwiftPackageProductDependency;
			package = 8B94EA012802A11F009A0D36 /* XCRemoteSwiftPackageReference "firebase-ios-sdk" */;
			productName = FirebaseAuth;
		};
		8B94EA062802A11F009A0D36 /* FirebaseCrashlytics */ = {
			isa = XCSwiftPackageProductDependency;
			package = 8B94EA012802A11F009A0D36 /* XCRemoteSwiftPackageReference "firebase-ios-sdk" */;
			productName = FirebaseCrashlytics;
		};
		8B94EA082802A11F009A0D36 /* FirebaseFirestore */ = {
			isa = XCSwiftPackageProductDependency;
			package = 8B94EA012802A11F009A0D36 /* XCRemoteSwiftPackageReference "firebase-ios-sdk" */;
			productName = FirebaseFirestore;
		};
		8B94EA0A2802A11F009A0D36 /* FirebaseFirestoreSwift-Beta */ = {
			isa = XCSwiftPackageProductDependency;
			package = 8B94EA012802A11F009A0D36 /* XCRemoteSwiftPackageReference "firebase-ios-sdk" */;
			productName = "FirebaseFirestoreSwift-Beta";
		};
		8B94EA0C2802A11F009A0D36 /* FirebasePerformance */ = {
			isa = XCSwiftPackageProductDependency;
			package = 8B94EA012802A11F009A0D36 /* XCRemoteSwiftPackageReference "firebase-ios-sdk" */;
			productName = FirebasePerformance;
		};
		8B94EA0E2802A11F009A0D36 /* FirebaseStorage */ = {
			isa = XCSwiftPackageProductDependency;
			package = 8B94EA012802A11F009A0D36 /* XCRemoteSwiftPackageReference "firebase-ios-sdk" */;
			productName = FirebaseStorage;
		};
		8BCDD93928406D120085E810 /* AlertKit */ = {
			isa = XCSwiftPackageProductDependency;
			package = 8BCDD93828406D120085E810 /* XCRemoteSwiftPackageReference "AlertKit" */;
			productName = AlertKit;
		};
/* End XCSwiftPackageProductDependency section */
	};
	rootObject = 8B5A6F9527FDD799003F56C7 /* Project object */;
}
